# This file is automatically @generated by Cargo.
# It is not intended for manual editing.
version = 4

[[package]]
name = "onym-engine"
version = "0.0.1"

[[package]]
name = "onym-engine-ffi"
version = "0.0.1"
dependencies = [
 "onym-engine",
]

[[package]]
name = "onym-engine-jni"
version = "0.0.1"
dependencies = [
 "onym-engine",
]
